
Microsoft Visual Studio Solution File, Format Version 12.00
# Visual Studio Version 17
VisualStudioVersion = 17.5.33414.496
MinimumVisualStudioVersion = 10.0.40219.1
Project("{9A19103F-16F7-4668-BE54-9A1E7A4F7556}") = "DevIO.Business", "src\DevIO.Business\DevIO.Business.csproj", "{D857F747-0F86-4807-A9CD-3E60E358BACB}"
EndProject
Project("{9A19103F-16F7-4668-BE54-9A1E7A4F7556}") = "DevIO.Api", "src\DevIO.Api\DevIO.Api.csproj", "{D36CF3CB-25BA-48F6-891F-FEBAC1865B95}"
EndProject
Project("{9A19103F-16F7-4668-BE54-9A1E7A4F7556}") = "DevIO.Data", "src\DevIO.Data\DevIO.Data.csproj", "{6B363C1B-EC3C-4993-B72A-D280EDCBC880}"
EndProject
Global
	GlobalSection(SolutionConfigurationPlatforms) = preSolution
		Debug|Any CPU = Debug|Any CPU
		Release|Any CPU = Release|Any CPU
	EndGlobalSection
	GlobalSection(ProjectConfigurationPlatforms) = postSolution
		{D857F747-0F86-4807-A9CD-3E60E358BACB}.Debug|Any CPU.ActiveCfg = Debug|Any CPU
		{D857F747-0F86-4807-A9CD-3E60E358BACB}.Debug|Any CPU.Build.0 = Debug|Any CPU
		{D857F747-0F86-4807-A9CD-3E60E358BACB}.Release|Any CPU.ActiveCfg = Release|Any CPU
		{D857F747-0F86-4807-A9CD-3E60E358BACB}.Release|Any CPU.Build.0 = Release|Any CPU
		{D36CF3CB-25BA-48F6-891F-FEBAC1865B95}.Debug|Any CPU.ActiveCfg = Debug|Any CPU
		{D36CF3CB-25BA-48F6-891F-FEBAC1865B95}.Debug|Any CPU.Build.0 = Debug|Any CPU
		{D36CF3CB-25BA-48F6-891F-FEBAC1865B95}.Release|Any CPU.ActiveCfg = Release|Any CPU
		{D36CF3CB-25BA-48F6-891F-FEBAC1865B95}.Release|Any CPU.Build.0 = Release|Any CPU
		{6B363C1B-EC3C-4993-B72A-D280EDCBC880}.Debug|Any CPU.ActiveCfg = Debug|Any CPU
		{6B363C1B-EC3C-4993-B72A-D280EDCBC880}.Debug|Any CPU.Build.0 = Debug|Any CPU
		{6B363C1B-EC3C-4993-B72A-D280EDCBC880}.Release|Any CPU.ActiveCfg = Release|Any CPU
		{6B363C1B-EC3C-4993-B72A-D280EDCBC880}.Release|Any CPU.Build.0 = Release|Any CPU
	EndGlobalSection
	GlobalSection(SolutionProperties) = preSolution
		HideSolutionNode = FALSE
	EndGlobalSection
	GlobalSection(ExtensibilityGlobals) = postSolution
		SolutionGuid = {E8242285-186C-4F27-855C-0133983FB4E3}
	EndGlobalSection
EndGlobal
